// !$*UTF8*$!
{
	archiveVersion = 1;
	classes = {
	};
	objectVersion = 50;
	objects = {

/* Begin PBXBuildFile section */
		6EFDE5552389CA64002D794A /* AppDelegate.swift in Sources */ = {isa = PBXBuildFile; fileRef = 6EFDE5542389CA64002D794A /* AppDelegate.swift */; };
		6EFDE5572389CA64002D794A /* SceneDelegate.swift in Sources */ = {isa = PBXBuildFile; fileRef = 6EFDE5562389CA64002D794A /* SceneDelegate.swift */; };
		6EFDE5592389CA64002D794A /* ViewController.swift in Sources */ = {isa = PBXBuildFile; fileRef = 6EFDE5582389CA64002D794A /* ViewController.swift */; };
		6EFDE55C2389CA64002D794A /* Main.storyboard in Resources */ = {isa = PBXBuildFile; fileRef = 6EFDE55A2389CA64002D794A /* Main.storyboard */; };
		6EFDE55E2389CA68002D794A /* Assets.xcassets in Resources */ = {isa = PBXBuildFile; fileRef = 6EFDE55D2389CA68002D794A /* Assets.xcassets */; };
		6EFDE5612389CA68002D794A /* LaunchScreen.storyboard in Resources */ = {isa = PBXBuildFile; fileRef = 6EFDE55F2389CA68002D794A /* LaunchScreen.storyboard */; };
/* End PBXBuildFile section */

/* Begin PBXFileReference section */
		6EFDE5512389CA64002D794A /* Todey.app */ = {isa = PBXFileReference; explicitFileType = wrapper.application; includeInIndex = 0; path = Todey.app; sourceTree = BUILT_PRODUCTS_DIR; };
		6EFDE5542389CA64002D794A /* AppDelegate.swift */ = {isa = PBXFileReference; lastKnownFileType = sourcecode.swift; path = AppDelegate.swift; sourceTree = "<group>"; };
		6EFDE5562389CA64002D794A /* SceneDelegate.swift */ = {isa = PBXFileReference; lastKnownFileType = sourcecode.swift; path = SceneDelegate.swift; sourceTree = "<group>"; };
		6EFDE5582389CA64002D794A /* ViewController.swift */ = {isa = PBXFileReference; lastKnownFileType = sourcecode.swift; path = ViewController.swift; sourceTree = "<group>"; };
		6EFDE55B2389CA64002D794A /* Base */ = {isa = PBXFileReference; lastKnownFileType = file.storyboard; name = Base; path = Base.lproj/Main.storyboard; sourceTree = "<group>"; };
		6EFDE55D2389CA68002D794A /* Assets.xcassets */ = {isa = PBXFileReference; lastKnownFileType = folder.assetcatalog; path = Assets.xcassets; sourceTree = "<group>"; };
		6EFDE5602389CA68002D794A /* Base */ = {isa = PBXFileReference; lastKnownFileType = file.storyboard; name = Base; path = Base.lproj/LaunchScreen.storyboard; sourceTree = "<group>"; };
		6EFDE5622389CA68002D794A /* Info.plist */ = {isa = PBXFileReference; lastKnownFileType = text.plist.xml; path = Info.plist; sourceTree = "<group>"; };
/* End PBXFileReference section */

/* Begin PBXFrameworksBuildPhase section */
		6EFDE54E2389CA64002D794A /* Frameworks */ = {
			isa = PBXFrameworksBuildPhase;
			buildActionMask = 2147483647;
			files = (
			);
			runOnlyForDeploymentPostprocessing = 0;
		};
/* End PBXFrameworksBuildPhase section */

/* Begin PBXGroup section */
		6EFDE5482389CA63002D794A = {
			isa = PBXGroup;
			children = (
				6EFDE5532389CA64002D794A /* Todey */,
				6EFDE5522389CA64002D794A /* Products */,
			);
			sourceTree = "<group>";
		};
		6EFDE5522389CA64002D794A /* Products */ = {
			isa = PBXGroup;
			children = (
				6EFDE5512389CA64002D794A /* Todey.app */,
			);
			name = Products;
			sourceTree = "<group>";
		};
		6EFDE5532389CA64002D794A /* Todey */ = {
			isa = PBXGroup;
			children = (
				6EFDE5542389CA64002D794A /* AppDelegate.swift */,
				6EFDE5562389CA64002D794A /* SceneDelegate.swift */,
				6EFDE5582389CA64002D794A /* ViewController.swift */,
				6EFDE55A2389CA64002D794A /* Main.storyboard */,
				6EFDE55D2389CA68002D794A /* Assets.xcassets */,
				6EFDE55F2389CA68002D794A /* LaunchScreen.storyboard */,
				6EFDE5622389CA68002D794A /* Info.plist */,
			);
			path = Todey;
			sourceTree = "<group>";
		};
/* End PBXGroup section */

/* Begin PBXNativeTarget section */
		6EFDE5502389CA64002D794A /* Todey */ = {
			isa = PBXNativeTarget;
			buildConfigurationList = 6EFDE5652389CA68002D794A /* Build configuration list for PBXNativeTarget "Todey" */;
			buildPhases = (
				6EFDE54D2389CA64002D794A /* Sources */,
				6EFDE54E2389CA64002D794A /* Frameworks */,
				6EFDE54F2389CA64002D794A /* Resources */,
			);
			buildRules = (
			);
			dependencies = (
			);
			name = Todey;
			productName = Todey;
			productReference = 6EFDE5512389CA64002D794A /* Todey.app */;
			productType = "com.apple.product-type.application";
		};
/* End PBXNativeTarget section */

/* Begin PBXProject section */
		6EFDE5492389CA63002D794A /* Project object */ = {
			isa = PBXProject;
			attributes = {
				LastSwiftUpdateCheck = 1120;
				LastUpgradeCheck = 1120;
				ORGANIZATIONNAME = "River Teles";
				TargetAttributes = {
					6EFDE5502389CA64002D794A = {
						CreatedOnToolsVersion = 11.2;
					};
				};
			};
			buildConfigurationList = 6EFDE54C2389CA63002D794A /* Build configuration list for PBXProject "Todey" */;
			compatibilityVersion = "Xcode 9.3";
			developmentRegion = en;
			hasScannedForEncodings = 0;
			knownRegions = (
				en,
				Base,
			);
			mainGroup = 6EFDE5482389CA63002D794A;
			productRefGroup = 6EFDE5522389CA64002D794A /* Products */;
			projectDirPath = "";
			projectRoot = "";
			targets = (
				6EFDE5502389CA64002D794A /* Todey */,
			);
		};
/* End PBXProject section */

/* Begin PBXResourcesBuildPhase section */
		6EFDE54F2389CA64002D794A /* Resources */ = {
			isa = PBXResourcesBuildPhase;
			buildActionMask = 2147483647;
			files = (
				6EFDE5612389CA68002D794A /* LaunchScreen.storyboard in Resources */,
				6EFDE55E2389CA68002D794A /* Assets.xcassets in Resources */,
				6EFDE55C2389CA64002D794A /* Main.storyboard in Resources */,
			);
			runOnlyForDeploymentPostprocessing = 0;
		};
/* End PBXResourcesBuildPhase section */

/* Begin PBXSourcesBuildPhase section */
		6EFDE54D2389CA64002D794A /* Sources */ = {
			isa = PBXSourcesBuildPhase;
			buildActionMask = 2147483647;
			files = (
				6EFDE5592389CA64002D794A /* ViewController.swift in Sources */,
				6EFDE5552389CA64002D794A /* AppDelegate.swift in Sources */,
				6EFDE5572389CA64002D794A /* SceneDelegate.swift in Sources */,
			);
			runOnlyForDeploymentPostprocessing = 0;
		};
/* End PBXSourcesBuildPhase section */

/* Begin PBXVariantGroup section */
		6EFDE55A2389CA64002D794A /* Main.storyboard */ = {
			isa = PBXVariantGroup;
			children = (
				6EFDE55B2389CA64002D794A /* Base */,
			);
			name = Main.storyboard;
			sourceTree = "<group>";
		};
		6EFDE55F2389CA68002D794A /* LaunchScreen.storyboard */ = {
			isa = PBXVariantGroup;
			children = (
				6EFDE5602389CA68002D794A /* Base */,
			);
			name = LaunchScreen.storyboard;
			sourceTree = "<group>";
		};
/* End PBXVariantGroup section */

/* Begin XCBuildConfiguration section */
		6EFDE5632389CA68002D794A /* Debug */ = {
			isa = XCBuildConfiguration;
			buildSettings = {
				ALWAYS_SEARCH_USER_PATHS = NO;
				CLANG_ANALYZER_NONNULL = YES;
				CLANG_ANALYZER_NUMBER_OBJECT_CONVERSION = YES_AGGRESSIVE;
				CLANG_CXX_LANGUAGE_STANDARD = "gnu++14";
				CLANG_CXX_LIBRARY = "libc++";
				CLANG_ENABLE_MODULES = YES;
				CLANG_ENABLE_OBJC_ARC = YES;
				CLANG_ENABLE_OBJC_WEAK = YES;
				CLANG_WARN_BLOCK_CAPTURE_AUTORELEASING = YES;
				CLANG_WARN_BOOL_CONVERSION = YES;
				CLANG_WARN_COMMA = YES;
				CLANG_WARN_CONSTANT_CONVERSION = YES;
				CLANG_WARN_DEPRECATED_OBJC_IMPLEMENTATIONS = YES;
				CLANG_WARN_DIRECT_OBJC_ISA_USAGE = YES_ERROR;
				CLANG_WARN_DOCUMENTATION_COMMENTS = YES;
				CLANG_WARN_EMPTY_BODY = YES;
				CLANG_WARN_ENUM_CONVERSION = YES;
				CLANG_WARN_INFINITE_RECURSION = YES;
				CLANG_WARN_INT_CONVERSION = YES;
				CLANG_WARN_NON_LITERAL_NULL_CONVERSION = YES;
				CLANG_WARN_OBJC_IMPLICIT_RETAIN_SELF = YES;
				CLANG_WARN_OBJC_LITERAL_CONVERSION = YES;
				CLANG_WARN_OBJC_ROOT_CLASS = YES_ERROR;
				CLANG_WARN_RANGE_LOOP_ANALYSIS = YES;
				CLANG_WARN_STRICT_PROTOTYPES = YES;
				CLANG_WARN_SUSPICIOUS_MOVE = YES;
				CLANG_WARN_UNGUARDED_AVAILABILITY = YES_AGGRESSIVE;
				CLANG_WARN_UNREACHABLE_CODE = YES;
				CLANG_WARN__DUPLICATE_METHOD_MATCH = YES;
				COPY_PHASE_STRIP = NO;
				DEBUG_INFORMATION_FORMAT = dwarf;
				ENABLE_STRICT_OBJC_MSGSEND = YES;
				ENABLE_TESTABILITY = YES;
				GCC_C_LANGUAGE_STANDARD = gnu11;
				GCC_DYNAMIC_NO_PIC = NO;
				GCC_NO_COMMON_BLOCKS = YES;
				GCC_OPTIMIZATION_LEVEL = 0;
				GCC_PREPROCESSOR_DEFINITIONS = (
					"DEBUG=1",
					"$(inherited)",
				);
				GCC_WARN_64_TO_32_BIT_CONVERSION = YES;
				GCC_WARN_ABOUT_RETURN_TYPE = YES_ERROR;
				GCC_WARN_UNDECLARED_SELECTOR = YES;
				GCC_WARN_UNINITIALIZED_AUTOS = YES_AGGRESSIVE;
				GCC_WARN_UNUSED_FUNCTION = YES;
				GCC_WARN_UNUSED_VARIABLE = YES;
				IPHONEOS_DEPLOYMENT_TARGET = 13.2;
				MTL_ENABLE_DEBUG_INFO = INCLUDE_SOURCE;
				MTL_FAST_MATH = YES;
				ONLY_ACTIVE_ARCH = YES;
				SDKROOT = iphoneos;
				SWIFT_ACTIVE_COMPILATION_CONDITIONS = DEBUG;
				SWIFT_OPTIMIZATION_LEVEL = "-Onone";
			};
			name = Debug;
		};
		6EFDE5642389CA68002D794A /* Release */ = {
			isa = XCBuildConfiguration;
			buildSettings = {
				ALWAYS_SEARCH_USER_PATHS = NO;
				CLANG_ANALYZER_NONNULL = YES;
				CLANG_ANALYZER_NUMBER_OBJECT_CONVERSION = YES_AGGRESSIVE;
				CLANG_CXX_LANGUAGE_STANDARD = "gnu++14";
				CLANG_CXX_LIBRARY = "libc++";
				CLANG_ENABLE_MODULES = YES;
				CLANG_ENABLE_OBJC_ARC = YES;
				CLANG_ENABLE_OBJC_WEAK = YES;
				CLANG_WARN_BLOCK_CAPTURE_AUTORELEASING = YES;
				CLANG_WARN_BOOL_CONVERSION = YES;
				CLANG_WARN_COMMA = YES;
				CLANG_WARN_CONSTANT_CONVERSION = YES;
				CLANG_WARN_DEPRECATED_OBJC_IMPLEMENTATIONS = YES;
				CLANG_WARN_DIRECT_OBJC_ISA_USAGE = YES_ERROR;
				CLANG_WARN_DOCUMENTATION_COMMENTS = YES;
				CLANG_WARN_EMPTY_BODY = YES;
				CLANG_WARN_ENUM_CONVERSION = YES;
				CLANG_WARN_INFINITE_RECURSION = YES;
				CLANG_WARN_INT_CONVERSION = YES;
				CLANG_WARN_NON_LITERAL_NULL_CONVERSION = YES;
				CLANG_WARN_OBJC_IMPLICIT_RETAIN_SELF = YES;
				CLANG_WARN_OBJC_LITERAL_CONVERSION = YES;
				CLANG_WARN_OBJC_ROOT_CLASS = YES_ERROR;
				CLANG_WARN_RANGE_LOOP_ANALYSIS = YES;
				CLANG_WARN_STRICT_PROTOTYPES = YES;
				CLANG_WARN_SUSPICIOUS_MOVE = YES;
				CLANG_WARN_UNGUARDED_AVAILABILITY = YES_AGGRESSIVE;
				CLANG_WARN_UNREACHABLE_CODE = YES;
				CLANG_WARN__DUPLICATE_METHOD_MATCH = YES;
				COPY_PHASE_STRIP = NO;
				DEBUG_INFORMATION_FORMAT = "dwarf-with-dsym";
				ENABLE_NS_ASSERTIONS = NO;
				ENABLE_STRICT_OBJC_MSGSEND = YES;
				GCC_C_LANGUAGE_STANDARD = gnu11;
				GCC_NO_COMMON_BLOCKS = YES;
				GCC_WARN_64_TO_32_BIT_CONVERSION = YES;
				GCC_WARN_ABOUT_RETURN_TYPE = YES_ERROR;
				GCC_WARN_UNDECLARED_SELECTOR = YES;
				GCC_WARN_UNINITIALIZED_AUTOS = YES_AGGRESSIVE;
				GCC_WARN_UNUSED_FUNCTION = YES;
				GCC_WARN_UNUSED_VARIABLE = YES;
				IPHONEOS_DEPLOYMENT_TARGET = 13.2;
				MTL_ENABLE_DEBUG_INFO = NO;
				MTL_FAST_MATH = YES;
				SDKROOT = iphoneos;
				SWIFT_COMPILATION_MODE = wholemodule;
				SWIFT_OPTIMIZATION_LEVEL = "-O";
				VALIDATE_PRODUCT = YES;
			};
			name = Release;
		};
		6EFDE5662389CA68002D794A /* Debug */ = {
			isa = XCBuildConfiguration;
			buildSettings = {
				ASSETCATALOG_COMPILER_APPICON_NAME = AppIcon;
				CODE_SIGN_STYLE = Automatic;
				DEVELOPMENT_TEAM = RR4AJNAFEJ;
				INFOPLIST_FILE = Todey/Info.plist;
				LD_RUNPATH_SEARCH_PATHS = (
					"$(inherited)",
					"@executable_path/Frameworks",
				);
				PRODUCT_BUNDLE_IDENTIFIER = com.riverteles.Todey;
				PRODUCT_NAME = "$(TARGET_NAME)";
				SWIFT_VERSION = 5.0;
				TARGETED_DEVICE_FAMILY = "1,2";
			};
			name = Debug;
		};
		6EFDE5672389CA68002D794A /* Release */ = {
			isa = XCBuildConfiguration;
			buildSettings = {
				ASSETCATALOG_COMPILER_APPICON_NAME = AppIcon;
				CODE_SIGN_STYLE = Automatic;
				DEVELOPMENT_TEAM = RR4AJNAFEJ;
				INFOPLIST_FILE = Todey/Info.plist;
				LD_RUNPATH_SEARCH_PATHS = (
					"$(inherited)",
					"@executable_path/Frameworks",
				);
				PRODUCT_BUNDLE_IDENTIFIER = com.riverteles.Todey;
				PRODUCT_NAME = "$(TARGET_NAME)";
				SWIFT_VERSION = 5.0;
				TARGETED_DEVICE_FAMILY = "1,2";
			};
			name = Release;
		};
/* End XCBuildConfiguration section */

/* Begin XCConfigurationList section */
		6EFDE54C2389CA63002D794A /* Build configuration list for PBXProject "Todey" */ = {
			isa = XCConfigurationList;
			buildConfigurations = (
				6EFDE5632389CA68002D794A /* Debug */,
				6EFDE5642389CA68002D794A /* Release */,
			);
			defaultConfigurationIsVisible = 0;
			defaultConfigurationName = Release;
		};
		6EFDE5652389CA68002D794A /* Build configuration list for PBXNativeTarget "Todey" */ = {
			isa = XCConfigurationList;
			buildConfigurations = (
				6EFDE5662389CA68002D794A /* Debug */,
				6EFDE5672389CA68002D794A /* Release */,
			);
			defaultConfigurationIsVisible = 0;
			defaultConfigurationName = Release;
		};
/* End XCConfigurationList section */
	};
	rootObject = 6EFDE5492389CA63002D794A /* Project object */;
}
